
Microsoft Visual Studio Solution File, Format Version 12.00
# Visual Studio 14
VisualStudioVersion = 14.0.25420.1
MinimumVisualStudioVersion = 10.0.40219.1
Project("{FAE04EC0-301F-11D3-BF4B-00C04F79EFBC}") = "EDDY.IS.DeliveryEngine.Workflow.Activities", "EDDY.IS.DeliveryEngine.Workflow.Activities\EDDY.IS.DeliveryEngine.Workflow.Activities.csproj", "{088A0D16-F4FD-4AA4-808B-9B0357DAF489}"
EndProject
Project("{FAE04EC0-301F-11D3-BF4B-00C04F79EFBC}") = "EDDY.IS.DeliveryEngine.Entity", "EDDY.IS.DeliveryEngine.Entity\EDDY.IS.DeliveryEngine.Entity.csproj", "{470AEA68-64FF-4B7F-8EBC-0151B0A75B59}"
EndProject
Project("{FAE04EC0-301F-11D3-BF4B-00C04F79EFBC}") = "EDDY.IS.DeliveryEngine.DataAccess", "EDDY.IS.DeliveryEngine.DataAccess\EDDY.IS.DeliveryEngine.DataAccess.csproj", "{2EBE8685-28D5-4B72-BC23-91D53BB88E82}"
EndProject
Project("{FAE04EC0-301F-11D3-BF4B-00C04F79EFBC}") = "EDDY.IS.DeliveryEngine.Workflow", "EDDY.IS.DeliveryEngine.Workflow\EDDY.IS.DeliveryEngine.Workflow.csproj", "{83B111BB-15FA-4A7B-8B36-FED3D351315B}"
EndProject
Project("{FAE04EC0-301F-11D3-BF4B-00C04F79EFBC}") = "EDDY.IS.DeliveryEngine.Workflow.Service", "EDDY.IS.DeliveryEngine.Workflow.Service\EDDY.IS.DeliveryEngine.Workflow.Service.csproj", "{0C7C072C-BF35-4D58-9A01-8FC06AE1CB5F}"
EndProject
Project("{FAE04EC0-301F-11D3-BF4B-00C04F79EFBC}") = "EDDY.IS.DeliveryEngine.WindowsService", "EDDY.IS.DeliveryEngine.WindowsService\EDDY.IS.DeliveryEngine.WindowsService.csproj", "{2930661E-1A2D-4182-B038-CBD5DF428F1E}"
EndProject
Project("{FAE04EC0-301F-11D3-BF4B-00C04F79EFBC}") = "EDDY.IS.DeliveryEngine.UnitTest", "EDDY.IS.DeliveryEngine.UnitTest\EDDY.IS.DeliveryEngine.UnitTest.csproj", "{1820E723-E967-4987-83A0-F7A209085E99}"
EndProject
Global
	GlobalSection(SolutionConfigurationPlatforms) = preSolution
		Debug|Any CPU = Debug|Any CPU
		Debug|Mixed Platforms = Debug|Mixed Platforms
		Debug|x86 = Debug|x86
		Demo|Any CPU = Demo|Any CPU
		Demo|Mixed Platforms = Demo|Mixed Platforms
		Demo|x86 = Demo|x86
		DEV01|Any CPU = DEV01|Any CPU
		DEV01|Mixed Platforms = DEV01|Mixed Platforms
		DEV01|x86 = DEV01|x86
		DevStage|Any CPU = DevStage|Any CPU
		DevStage|Mixed Platforms = DevStage|Mixed Platforms
		DevStage|x86 = DevStage|x86
		DEVSTAGE02|Any CPU = DEVSTAGE02|Any CPU
		DEVSTAGE02|Mixed Platforms = DEVSTAGE02|Mixed Platforms
		DEVSTAGE02|x86 = DEVSTAGE02|x86
		MikeTestEnv|Any CPU = MikeTestEnv|Any CPU
		MikeTestEnv|Mixed Platforms = MikeTestEnv|Mixed Platforms
		MikeTestEnv|x86 = MikeTestEnv|x86
		PRODUCTIONSUPORT|Any CPU = PRODUCTIONSUPORT|Any CPU
		PRODUCTIONSUPORT|Mixed Platforms = PRODUCTIONSUPORT|Mixed Platforms
		PRODUCTIONSUPORT|x86 = PRODUCTIONSUPORT|x86
		QA|Any CPU = QA|Any CPU
		QA|Mixed Platforms = QA|Mixed Platforms
		QA|x86 = QA|x86
		QAStage|Any CPU = QAStage|Any CPU
		QAStage|Mixed Platforms = QAStage|Mixed Platforms
		QAStage|x86 = QAStage|x86
		QASTAGE02|Any CPU = QASTAGE02|Any CPU
		QASTAGE02|Mixed Platforms = QASTAGE02|Mixed Platforms
		QASTAGE02|x86 = QASTAGE02|x86
		Release|Any CPU = Release|Any CPU
		Release|Mixed Platforms = Release|Mixed Platforms
		Release|x86 = Release|x86
		UAT|Any CPU = UAT|Any CPU
		UAT|Mixed Platforms = UAT|Mixed Platforms
		UAT|x86 = UAT|x86
	EndGlobalSection
	GlobalSection(ProjectConfigurationPlatforms) = postSolution
		{088A0D16-F4FD-4AA4-808B-9B0357DAF489}.Debug|Any CPU.ActiveCfg = Debug|Any CPU
		{088A0D16-F4FD-4AA4-808B-9B0357DAF489}.Debug|Any CPU.Build.0 = Debug|Any CPU
		{088A0D16-F4FD-4AA4-808B-9B0357DAF489}.Debug|Mixed Platforms.ActiveCfg = Debug|Any CPU
		{088A0D16-F4FD-4AA4-808B-9B0357DAF489}.Debug|Mixed Platforms.Build.0 = Debug|Any CPU
		{088A0D16-F4FD-4AA4-808B-9B0357DAF489}.Debug|x86.ActiveCfg = Debug|Any CPU
		{088A0D16-F4FD-4AA4-808B-9B0357DAF489}.Demo|Any CPU.ActiveCfg = Debug|Any CPU
		{088A0D16-F4FD-4AA4-808B-9B0357DAF489}.Demo|Any CPU.Build.0 = Debug|Any CPU
		{088A0D16-F4FD-4AA4-808B-9B0357DAF489}.Demo|Mixed Platforms.ActiveCfg = Debug|Any CPU
		{088A0D16-F4FD-4AA4-808B-9B0357DAF489}.Demo|Mixed Platforms.Build.0 = Debug|Any CPU
		{088A0D16-F4FD-4AA4-808B-9B0357DAF489}.Demo|x86.ActiveCfg = Debug|Any CPU
		{088A0D16-F4FD-4AA4-808B-9B0357DAF489}.DEV01|Any CPU.ActiveCfg = Debug|Any CPU
		{088A0D16-F4FD-4AA4-808B-9B0357DAF489}.DEV01|Any CPU.Build.0 = Debug|Any CPU
		{088A0D16-F4FD-4AA4-808B-9B0357DAF489}.DEV01|Mixed Platforms.ActiveCfg = Debug|Any CPU
		{088A0D16-F4FD-4AA4-808B-9B0357DAF489}.DEV01|Mixed Platforms.Build.0 = Debug|Any CPU
		{088A0D16-F4FD-4AA4-808B-9B0357DAF489}.DEV01|x86.ActiveCfg = Debug|Any CPU
		{088A0D16-F4FD-4AA4-808B-9B0357DAF489}.DevStage|Any CPU.ActiveCfg = Debug|Any CPU
		{088A0D16-F4FD-4AA4-808B-9B0357DAF489}.DevStage|Any CPU.Build.0 = Debug|Any CPU
		{088A0D16-F4FD-4AA4-808B-9B0357DAF489}.DevStage|Mixed Platforms.ActiveCfg = Debug|Any CPU
		{088A0D16-F4FD-4AA4-808B-9B0357DAF489}.DevStage|Mixed Platforms.Build.0 = Debug|Any CPU
		{088A0D16-F4FD-4AA4-808B-9B0357DAF489}.DevStage|x86.ActiveCfg = Debug|Any CPU
		{088A0D16-F4FD-4AA4-808B-9B0357DAF489}.DEVSTAGE02|Any CPU.ActiveCfg = Debug|Any CPU
		{088A0D16-F4FD-4AA4-808B-9B0357DAF489}.DEVSTAGE02|Any CPU.Build.0 = Debug|Any CPU
		{088A0D16-F4FD-4AA4-808B-9B0357DAF489}.DEVSTAGE02|Mixed Platforms.ActiveCfg = Debug|Any CPU
		{088A0D16-F4FD-4AA4-808B-9B0357DAF489}.DEVSTAGE02|Mixed Platforms.Build.0 = Debug|Any CPU
		{088A0D16-F4FD-4AA4-808B-9B0357DAF489}.DEVSTAGE02|x86.ActiveCfg = Debug|Any CPU
		{088A0D16-F4FD-4AA4-808B-9B0357DAF489}.MikeTestEnv|Any CPU.ActiveCfg = Release|Any CPU
		{088A0D16-F4FD-4AA4-808B-9B0357DAF489}.MikeTestEnv|Any CPU.Build.0 = Release|Any CPU
		{088A0D16-F4FD-4AA4-808B-9B0357DAF489}.MikeTestEnv|Mixed Platforms.ActiveCfg = Release|Any CPU
		{088A0D16-F4FD-4AA4-808B-9B0357DAF489}.MikeTestEnv|Mixed Platforms.Build.0 = Release|Any CPU
		{088A0D16-F4FD-4AA4-808B-9B0357DAF489}.MikeTestEnv|x86.ActiveCfg = Release|Any CPU
		{088A0D16-F4FD-4AA4-808B-9B0357DAF489}.PRODUCTIONSUPORT|Any CPU.ActiveCfg = Release|Any CPU
		{088A0D16-F4FD-4AA4-808B-9B0357DAF489}.PRODUCTIONSUPORT|Any CPU.Build.0 = Release|Any CPU
		{088A0D16-F4FD-4AA4-808B-9B0357DAF489}.PRODUCTIONSUPORT|Mixed Platforms.ActiveCfg = Release|Any CPU
		{088A0D16-F4FD-4AA4-808B-9B0357DAF489}.PRODUCTIONSUPORT|Mixed Platforms.Build.0 = Release|Any CPU
		{088A0D16-F4FD-4AA4-808B-9B0357DAF489}.PRODUCTIONSUPORT|x86.ActiveCfg = Release|Any CPU
		{088A0D16-F4FD-4AA4-808B-9B0357DAF489}.QA|Any CPU.ActiveCfg = Release|Any CPU
		{088A0D16-F4FD-4AA4-808B-9B0357DAF489}.QA|Any CPU.Build.0 = Release|Any CPU
		{088A0D16-F4FD-4AA4-808B-9B0357DAF489}.QA|Mixed Platforms.ActiveCfg = Release|Any CPU
		{088A0D16-F4FD-4AA4-808B-9B0357DAF489}.QA|Mixed Platforms.Build.0 = Release|Any CPU
		{088A0D16-F4FD-4AA4-808B-9B0357DAF489}.QA|x86.ActiveCfg = Release|Any CPU
		{088A0D16-F4FD-4AA4-808B-9B0357DAF489}.QAStage|Any CPU.ActiveCfg = Release|Any CPU
		{088A0D16-F4FD-4AA4-808B-9B0357DAF489}.QAStage|Any CPU.Build.0 = Release|Any CPU
		{088A0D16-F4FD-4AA4-808B-9B0357DAF489}.QAStage|Mixed Platforms.ActiveCfg = Release|Any CPU
		{088A0D16-F4FD-4AA4-808B-9B0357DAF489}.QAStage|Mixed Platforms.Build.0 = Release|Any CPU
		{088A0D16-F4FD-4AA4-808B-9B0357DAF489}.QAStage|x86.ActiveCfg = Release|Any CPU
		{088A0D16-F4FD-4AA4-808B-9B0357DAF489}.QASTAGE02|Any CPU.ActiveCfg = Release|Any CPU
		{088A0D16-F4FD-4AA4-808B-9B0357DAF489}.QASTAGE02|Any CPU.Build.0 = Release|Any CPU
		{088A0D16-F4FD-4AA4-808B-9B0357DAF489}.QASTAGE02|Mixed Platforms.ActiveCfg = Release|Any CPU
		{088A0D16-F4FD-4AA4-808B-9B0357DAF489}.QASTAGE02|Mixed Platforms.Build.0 = Release|Any CPU
		{088A0D16-F4FD-4AA4-808B-9B0357DAF489}.QASTAGE02|x86.ActiveCfg = Release|Any CPU
		{088A0D16-F4FD-4AA4-808B-9B0357DAF489}.Release|Any CPU.ActiveCfg = Release|Any CPU
		{088A0D16-F4FD-4AA4-808B-9B0357DAF489}.Release|Any CPU.Build.0 = Release|Any CPU
		{088A0D16-F4FD-4AA4-808B-9B0357DAF489}.Release|Mixed Platforms.ActiveCfg = Release|Any CPU
		{088A0D16-F4FD-4AA4-808B-9B0357DAF489}.Release|Mixed Platforms.Build.0 = Release|Any CPU
		{088A0D16-F4FD-4AA4-808B-9B0357DAF489}.Release|x86.ActiveCfg = Release|Any CPU
		{088A0D16-F4FD-4AA4-808B-9B0357DAF489}.UAT|Any CPU.ActiveCfg = Release|Any CPU
		{088A0D16-F4FD-4AA4-808B-9B0357DAF489}.UAT|Any CPU.Build.0 = Release|Any CPU
		{088A0D16-F4FD-4AA4-808B-9B0357DAF489}.UAT|Mixed Platforms.ActiveCfg = Release|Any CPU
		{088A0D16-F4FD-4AA4-808B-9B0357DAF489}.UAT|Mixed Platforms.Build.0 = Release|Any CPU
		{088A0D16-F4FD-4AA4-808B-9B0357DAF489}.UAT|x86.ActiveCfg = Release|Any CPU
		{470AEA68-64FF-4B7F-8EBC-0151B0A75B59}.Debug|Any CPU.ActiveCfg = Debug|Any CPU
		{470AEA68-64FF-4B7F-8EBC-0151B0A75B59}.Debug|Any CPU.Build.0 = Debug|Any CPU
		{470AEA68-64FF-4B7F-8EBC-0151B0A75B59}.Debug|Mixed Platforms.ActiveCfg = Debug|Any CPU
		{470AEA68-64FF-4B7F-8EBC-0151B0A75B59}.Debug|Mixed Platforms.Build.0 = Debug|Any CPU
		{470AEA68-64FF-4B7F-8EBC-0151B0A75B59}.Debug|x86.ActiveCfg = Debug|Any CPU
		{470AEA68-64FF-4B7F-8EBC-0151B0A75B59}.Demo|Any CPU.ActiveCfg = Debug|Any CPU
		{470AEA68-64FF-4B7F-8EBC-0151B0A75B59}.Demo|Any CPU.Build.0 = Debug|Any CPU
		{470AEA68-64FF-4B7F-8EBC-0151B0A75B59}.Demo|Mixed Platforms.ActiveCfg = Debug|Any CPU
		{470AEA68-64FF-4B7F-8EBC-0151B0A75B59}.Demo|Mixed Platforms.Build.0 = Debug|Any CPU
		{470AEA68-64FF-4B7F-8EBC-0151B0A75B59}.Demo|x86.ActiveCfg = Debug|Any CPU
		{470AEA68-64FF-4B7F-8EBC-0151B0A75B59}.DEV01|Any CPU.ActiveCfg = Debug|Any CPU
		{470AEA68-64FF-4B7F-8EBC-0151B0A75B59}.DEV01|Any CPU.Build.0 = Debug|Any CPU
		{470AEA68-64FF-4B7F-8EBC-0151B0A75B59}.DEV01|Mixed Platforms.ActiveCfg = Debug|Any CPU
		{470AEA68-64FF-4B7F-8EBC-0151B0A75B59}.DEV01|Mixed Platforms.Build.0 = Debug|Any CPU
		{470AEA68-64FF-4B7F-8EBC-0151B0A75B59}.DEV01|x86.ActiveCfg = Debug|Any CPU
		{470AEA68-64FF-4B7F-8EBC-0151B0A75B59}.DevStage|Any CPU.ActiveCfg = Debug|Any CPU
		{470AEA68-64FF-4B7F-8EBC-0151B0A75B59}.DevStage|Any CPU.Build.0 = Debug|Any CPU
		{470AEA68-64FF-4B7F-8EBC-0151B0A75B59}.DevStage|Mixed Platforms.ActiveCfg = Debug|Any CPU
		{470AEA68-64FF-4B7F-8EBC-0151B0A75B59}.DevStage|Mixed Platforms.Build.0 = Debug|Any CPU
		{470AEA68-64FF-4B7F-8EBC-0151B0A75B59}.DevStage|x86.ActiveCfg = Debug|Any CPU
		{470AEA68-64FF-4B7F-8EBC-0151B0A75B59}.DEVSTAGE02|Any CPU.ActiveCfg = Debug|Any CPU
		{470AEA68-64FF-4B7F-8EBC-0151B0A75B59}.DEVSTAGE02|Any CPU.Build.0 = Debug|Any CPU
		{470AEA68-64FF-4B7F-8EBC-0151B0A75B59}.DEVSTAGE02|Mixed Platforms.ActiveCfg = Debug|Any CPU
		{470AEA68-64FF-4B7F-8EBC-0151B0A75B59}.DEVSTAGE02|Mixed Platforms.Build.0 = Debug|Any CPU
		{470AEA68-64FF-4B7F-8EBC-0151B0A75B59}.DEVSTAGE02|x86.ActiveCfg = Debug|Any CPU
		{470AEA68-64FF-4B7F-8EBC-0151B0A75B59}.MikeTestEnv|Any CPU.ActiveCfg = Release|Any CPU
		{470AEA68-64FF-4B7F-8EBC-0151B0A75B59}.MikeTestEnv|Any CPU.Build.0 = Release|Any CPU
		{470AEA68-64FF-4B7F-8EBC-0151B0A75B59}.MikeTestEnv|Mixed Platforms.ActiveCfg = Release|Any CPU
		{470AEA68-64FF-4B7F-8EBC-0151B0A75B59}.MikeTestEnv|Mixed Platforms.Build.0 = Release|Any CPU
		{470AEA68-64FF-4B7F-8EBC-0151B0A75B59}.MikeTestEnv|x86.ActiveCfg = Release|Any CPU
		{470AEA68-64FF-4B7F-8EBC-0151B0A75B59}.PRODUCTIONSUPORT|Any CPU.ActiveCfg = Release|Any CPU
		{470AEA68-64FF-4B7F-8EBC-0151B0A75B59}.PRODUCTIONSUPORT|Any CPU.Build.0 = Release|Any CPU
		{470AEA68-64FF-4B7F-8EBC-0151B0A75B59}.PRODUCTIONSUPORT|Mixed Platforms.ActiveCfg = Release|Any CPU
		{470AEA68-64FF-4B7F-8EBC-0151B0A75B59}.PRODUCTIONSUPORT|Mixed Platforms.Build.0 = Release|Any CPU
		{470AEA68-64FF-4B7F-8EBC-0151B0A75B59}.PRODUCTIONSUPORT|x86.ActiveCfg = Release|Any CPU
		{470AEA68-64FF-4B7F-8EBC-0151B0A75B59}.QA|Any CPU.ActiveCfg = Release|Any CPU
		{470AEA68-64FF-4B7F-8EBC-0151B0A75B59}.QA|Any CPU.Build.0 = Release|Any CPU
		{470AEA68-64FF-4B7F-8EBC-0151B0A75B59}.QA|Mixed Platforms.ActiveCfg = Release|Any CPU
		{470AEA68-64FF-4B7F-8EBC-0151B0A75B59}.QA|Mixed Platforms.Build.0 = Release|Any CPU
		{470AEA68-64FF-4B7F-8EBC-0151B0A75B59}.QA|x86.ActiveCfg = Release|Any CPU
		{470AEA68-64FF-4B7F-8EBC-0151B0A75B59}.QAStage|Any CPU.ActiveCfg = Release|Any CPU
		{470AEA68-64FF-4B7F-8EBC-0151B0A75B59}.QAStage|Any CPU.Build.0 = Release|Any CPU
		{470AEA68-64FF-4B7F-8EBC-0151B0A75B59}.QAStage|Mixed Platforms.ActiveCfg = Release|Any CPU
		{470AEA68-64FF-4B7F-8EBC-0151B0A75B59}.QAStage|Mixed Platforms.Build.0 = Release|Any CPU
		{470AEA68-64FF-4B7F-8EBC-0151B0A75B59}.QAStage|x86.ActiveCfg = Release|Any CPU
		{470AEA68-64FF-4B7F-8EBC-0151B0A75B59}.QASTAGE02|Any CPU.ActiveCfg = Release|Any CPU
		{470AEA68-64FF-4B7F-8EBC-0151B0A75B59}.QASTAGE02|Any CPU.Build.0 = Release|Any CPU
		{470AEA68-64FF-4B7F-8EBC-0151B0A75B59}.QASTAGE02|Mixed Platforms.ActiveCfg = Release|Any CPU
		{470AEA68-64FF-4B7F-8EBC-0151B0A75B59}.QASTAGE02|Mixed Platforms.Build.0 = Release|Any CPU
		{470AEA68-64FF-4B7F-8EBC-0151B0A75B59}.QASTAGE02|x86.ActiveCfg = Release|Any CPU
		{470AEA68-64FF-4B7F-8EBC-0151B0A75B59}.Release|Any CPU.ActiveCfg = Release|Any CPU
		{470AEA68-64FF-4B7F-8EBC-0151B0A75B59}.Release|Any CPU.Build.0 = Release|Any CPU
		{470AEA68-64FF-4B7F-8EBC-0151B0A75B59}.Release|Mixed Platforms.ActiveCfg = Release|Any CPU
		{470AEA68-64FF-4B7F-8EBC-0151B0A75B59}.Release|Mixed Platforms.Build.0 = Release|Any CPU
		{470AEA68-64FF-4B7F-8EBC-0151B0A75B59}.Release|x86.ActiveCfg = Release|Any CPU
		{470AEA68-64FF-4B7F-8EBC-0151B0A75B59}.UAT|Any CPU.ActiveCfg = Release|Any CPU
		{470AEA68-64FF-4B7F-8EBC-0151B0A75B59}.UAT|Any CPU.Build.0 = Release|Any CPU
		{470AEA68-64FF-4B7F-8EBC-0151B0A75B59}.UAT|Mixed Platforms.ActiveCfg = Release|Any CPU
		{470AEA68-64FF-4B7F-8EBC-0151B0A75B59}.UAT|Mixed Platforms.Build.0 = Release|Any CPU
		{470AEA68-64FF-4B7F-8EBC-0151B0A75B59}.UAT|x86.ActiveCfg = Release|Any CPU
		{2EBE8685-28D5-4B72-BC23-91D53BB88E82}.Debug|Any CPU.ActiveCfg = Debug|Any CPU
		{2EBE8685-28D5-4B72-BC23-91D53BB88E82}.Debug|Any CPU.Build.0 = Debug|Any CPU
		{2EBE8685-28D5-4B72-BC23-91D53BB88E82}.Debug|Mixed Platforms.ActiveCfg = Debug|Any CPU
		{2EBE8685-28D5-4B72-BC23-91D53BB88E82}.Debug|Mixed Platforms.Build.0 = Debug|Any CPU
		{2EBE8685-28D5-4B72-BC23-91D53BB88E82}.Debug|x86.ActiveCfg = Debug|Any CPU
		{2EBE8685-28D5-4B72-BC23-91D53BB88E82}.Demo|Any CPU.ActiveCfg = Debug|Any CPU
		{2EBE8685-28D5-4B72-BC23-91D53BB88E82}.Demo|Any CPU.Build.0 = Debug|Any CPU
		{2EBE8685-28D5-4B72-BC23-91D53BB88E82}.Demo|Mixed Platforms.ActiveCfg = Debug|Any CPU
		{2EBE8685-28D5-4B72-BC23-91D53BB88E82}.Demo|Mixed Platforms.Build.0 = Debug|Any CPU
		{2EBE8685-28D5-4B72-BC23-91D53BB88E82}.Demo|x86.ActiveCfg = Debug|Any CPU
		{2EBE8685-28D5-4B72-BC23-91D53BB88E82}.DEV01|Any CPU.ActiveCfg = Debug|Any CPU
		{2EBE8685-28D5-4B72-BC23-91D53BB88E82}.DEV01|Any CPU.Build.0 = Debug|Any CPU
		{2EBE8685-28D5-4B72-BC23-91D53BB88E82}.DEV01|Mixed Platforms.ActiveCfg = Debug|Any CPU
		{2EBE8685-28D5-4B72-BC23-91D53BB88E82}.DEV01|Mixed Platforms.Build.0 = Debug|Any CPU
		{2EBE8685-28D5-4B72-BC23-91D53BB88E82}.DEV01|x86.ActiveCfg = Debug|Any CPU
		{2EBE8685-28D5-4B72-BC23-91D53BB88E82}.DevStage|Any CPU.ActiveCfg = Debug|Any CPU
		{2EBE8685-28D5-4B72-BC23-91D53BB88E82}.DevStage|Any CPU.Build.0 = Debug|Any CPU
		{2EBE8685-28D5-4B72-BC23-91D53BB88E82}.DevStage|Mixed Platforms.ActiveCfg = Debug|Any CPU
		{2EBE8685-28D5-4B72-BC23-91D53BB88E82}.DevStage|Mixed Platforms.Build.0 = Debug|Any CPU
		{2EBE8685-28D5-4B72-BC23-91D53BB88E82}.DevStage|x86.ActiveCfg = Debug|Any CPU
		{2EBE8685-28D5-4B72-BC23-91D53BB88E82}.DEVSTAGE02|Any CPU.ActiveCfg = Debug|Any CPU
		{2EBE8685-28D5-4B72-BC23-91D53BB88E82}.DEVSTAGE02|Any CPU.Build.0 = Debug|Any CPU
		{2EBE8685-28D5-4B72-BC23-91D53BB88E82}.DEVSTAGE02|Mixed Platforms.ActiveCfg = Debug|Any CPU
		{2EBE8685-28D5-4B72-BC23-91D53BB88E82}.DEVSTAGE02|Mixed Platforms.Build.0 = Debug|Any CPU
		{2EBE8685-28D5-4B72-BC23-91D53BB88E82}.DEVSTAGE02|x86.ActiveCfg = Debug|Any CPU
		{2EBE8685-28D5-4B72-BC23-91D53BB88E82}.MikeTestEnv|Any CPU.ActiveCfg = Release|Any CPU
		{2EBE8685-28D5-4B72-BC23-91D53BB88E82}.MikeTestEnv|Any CPU.Build.0 = Release|Any CPU
		{2EBE8685-28D5-4B72-BC23-91D53BB88E82}.MikeTestEnv|Mixed Platforms.ActiveCfg = Release|Any CPU
		{2EBE8685-28D5-4B72-BC23-91D53BB88E82}.MikeTestEnv|Mixed Platforms.Build.0 = Release|Any CPU
		{2EBE8685-28D5-4B72-BC23-91D53BB88E82}.MikeTestEnv|x86.ActiveCfg = Release|Any CPU
		{2EBE8685-28D5-4B72-BC23-91D53BB88E82}.PRODUCTIONSUPORT|Any CPU.ActiveCfg = Release|Any CPU
		{2EBE8685-28D5-4B72-BC23-91D53BB88E82}.PRODUCTIONSUPORT|Any CPU.Build.0 = Release|Any CPU
		{2EBE8685-28D5-4B72-BC23-91D53BB88E82}.PRODUCTIONSUPORT|Mixed Platforms.ActiveCfg = Release|Any CPU
		{2EBE8685-28D5-4B72-BC23-91D53BB88E82}.PRODUCTIONSUPORT|Mixed Platforms.Build.0 = Release|Any CPU
		{2EBE8685-28D5-4B72-BC23-91D53BB88E82}.PRODUCTIONSUPORT|x86.ActiveCfg = Release|Any CPU
		{2EBE8685-28D5-4B72-BC23-91D53BB88E82}.QA|Any CPU.ActiveCfg = Release|Any CPU
		{2EBE8685-28D5-4B72-BC23-91D53BB88E82}.QA|Any CPU.Build.0 = Release|Any CPU
		{2EBE8685-28D5-4B72-BC23-91D53BB88E82}.QA|Mixed Platforms.ActiveCfg = Release|Any CPU
		{2EBE8685-28D5-4B72-BC23-91D53BB88E82}.QA|Mixed Platforms.Build.0 = Release|Any CPU
		{2EBE8685-28D5-4B72-BC23-91D53BB88E82}.QA|x86.ActiveCfg = Release|Any CPU
		{2EBE8685-28D5-4B72-BC23-91D53BB88E82}.QAStage|Any CPU.ActiveCfg = Release|Any CPU
		{2EBE8685-28D5-4B72-BC23-91D53BB88E82}.QAStage|Any CPU.Build.0 = Release|Any CPU
		{2EBE8685-28D5-4B72-BC23-91D53BB88E82}.QAStage|Mixed Platforms.ActiveCfg = Release|Any CPU
		{2EBE8685-28D5-4B72-BC23-91D53BB88E82}.QAStage|Mixed Platforms.Build.0 = Release|Any CPU
		{2EBE8685-28D5-4B72-BC23-91D53BB88E82}.QAStage|x86.ActiveCfg = Release|Any CPU
		{2EBE8685-28D5-4B72-BC23-91D53BB88E82}.QASTAGE02|Any CPU.ActiveCfg = Release|Any CPU
		{2EBE8685-28D5-4B72-BC23-91D53BB88E82}.QASTAGE02|Any CPU.Build.0 = Release|Any CPU
		{2EBE8685-28D5-4B72-BC23-91D53BB88E82}.QASTAGE02|Mixed Platforms.ActiveCfg = Release|Any CPU
		{2EBE8685-28D5-4B72-BC23-91D53BB88E82}.QASTAGE02|Mixed Platforms.Build.0 = Release|Any CPU
		{2EBE8685-28D5-4B72-BC23-91D53BB88E82}.QASTAGE02|x86.ActiveCfg = Release|Any CPU
		{2EBE8685-28D5-4B72-BC23-91D53BB88E82}.Release|Any CPU.ActiveCfg = Release|Any CPU
		{2EBE8685-28D5-4B72-BC23-91D53BB88E82}.Release|Any CPU.Build.0 = Release|Any CPU
		{2EBE8685-28D5-4B72-BC23-91D53BB88E82}.Release|Mixed Platforms.ActiveCfg = Release|Any CPU
		{2EBE8685-28D5-4B72-BC23-91D53BB88E82}.Release|Mixed Platforms.Build.0 = Release|Any CPU
		{2EBE8685-28D5-4B72-BC23-91D53BB88E82}.Release|x86.ActiveCfg = Release|Any CPU
		{2EBE8685-28D5-4B72-BC23-91D53BB88E82}.UAT|Any CPU.ActiveCfg = Release|Any CPU
		{2EBE8685-28D5-4B72-BC23-91D53BB88E82}.UAT|Any CPU.Build.0 = Release|Any CPU
		{2EBE8685-28D5-4B72-BC23-91D53BB88E82}.UAT|Mixed Platforms.ActiveCfg = Release|Any CPU
		{2EBE8685-28D5-4B72-BC23-91D53BB88E82}.UAT|Mixed Platforms.Build.0 = Release|Any CPU
		{2EBE8685-28D5-4B72-BC23-91D53BB88E82}.UAT|x86.ActiveCfg = Release|Any CPU
		{83B111BB-15FA-4A7B-8B36-FED3D351315B}.Debug|Any CPU.ActiveCfg = Debug|Any CPU
		{83B111BB-15FA-4A7B-8B36-FED3D351315B}.Debug|Any CPU.Build.0 = Debug|Any CPU
		{83B111BB-15FA-4A7B-8B36-FED3D351315B}.Debug|Mixed Platforms.ActiveCfg = Debug|Any CPU
		{83B111BB-15FA-4A7B-8B36-FED3D351315B}.Debug|Mixed Platforms.Build.0 = Debug|Any CPU
		{83B111BB-15FA-4A7B-8B36-FED3D351315B}.Debug|x86.ActiveCfg = Debug|Any CPU
		{83B111BB-15FA-4A7B-8B36-FED3D351315B}.Demo|Any CPU.ActiveCfg = Demo|Any CPU
		{83B111BB-15FA-4A7B-8B36-FED3D351315B}.Demo|Any CPU.Build.0 = Demo|Any CPU
		{83B111BB-15FA-4A7B-8B36-FED3D351315B}.Demo|Mixed Platforms.ActiveCfg = Demo|Any CPU
		{83B111BB-15FA-4A7B-8B36-FED3D351315B}.Demo|Mixed Platforms.Build.0 = Demo|Any CPU
		{83B111BB-15FA-4A7B-8B36-FED3D351315B}.Demo|x86.ActiveCfg = Demo|Any CPU
		{83B111BB-15FA-4A7B-8B36-FED3D351315B}.DEV01|Any CPU.ActiveCfg = DEVSTAGE02|Any CPU
		{83B111BB-15FA-4A7B-8B36-FED3D351315B}.DEV01|Any CPU.Build.0 = DEVSTAGE02|Any CPU
		{83B111BB-15FA-4A7B-8B36-FED3D351315B}.DEV01|Mixed Platforms.ActiveCfg = DEVSTAGE02|Any CPU
		{83B111BB-15FA-4A7B-8B36-FED3D351315B}.DEV01|Mixed Platforms.Build.0 = DEVSTAGE02|Any CPU
		{83B111BB-15FA-4A7B-8B36-FED3D351315B}.DEV01|x86.ActiveCfg = DEVSTAGE02|Any CPU
		{83B111BB-15FA-4A7B-8B36-FED3D351315B}.DevStage|Any CPU.ActiveCfg = DevStage|Any CPU
		{83B111BB-15FA-4A7B-8B36-FED3D351315B}.DevStage|Any CPU.Build.0 = DevStage|Any CPU
		{83B111BB-15FA-4A7B-8B36-FED3D351315B}.DevStage|Mixed Platforms.ActiveCfg = DevStage|Any CPU
		{83B111BB-15FA-4A7B-8B36-FED3D351315B}.DevStage|Mixed Platforms.Build.0 = DevStage|Any CPU
		{83B111BB-15FA-4A7B-8B36-FED3D351315B}.DevStage|x86.ActiveCfg = DevStage|Any CPU
		{83B111BB-15FA-4A7B-8B36-FED3D351315B}.DEVSTAGE02|Any CPU.ActiveCfg = DEVSTAGE02|Any CPU
		{83B111BB-15FA-4A7B-8B36-FED3D351315B}.DEVSTAGE02|Any CPU.Build.0 = DEVSTAGE02|Any CPU
		{83B111BB-15FA-4A7B-8B36-FED3D351315B}.DEVSTAGE02|Mixed Platforms.ActiveCfg = DEVSTAGE02|Any CPU
		{83B111BB-15FA-4A7B-8B36-FED3D351315B}.DEVSTAGE02|Mixed Platforms.Build.0 = DEVSTAGE02|Any CPU
		{83B111BB-15FA-4A7B-8B36-FED3D351315B}.DEVSTAGE02|x86.ActiveCfg = DEVSTAGE02|Any CPU
		{83B111BB-15FA-4A7B-8B36-FED3D351315B}.MikeTestEnv|Any CPU.ActiveCfg = MikeTestEnv|Any CPU
		{83B111BB-15FA-4A7B-8B36-FED3D351315B}.MikeTestEnv|Any CPU.Build.0 = MikeTestEnv|Any CPU
		{83B111BB-15FA-4A7B-8B36-FED3D351315B}.MikeTestEnv|Mixed Platforms.ActiveCfg = MikeTestEnv|Any CPU
		{83B111BB-15FA-4A7B-8B36-FED3D351315B}.MikeTestEnv|Mixed Platforms.Build.0 = MikeTestEnv|Any CPU
		{83B111BB-15FA-4A7B-8B36-FED3D351315B}.MikeTestEnv|x86.ActiveCfg = MikeTestEnv|Any CPU
		{83B111BB-15FA-4A7B-8B36-FED3D351315B}.PRODUCTIONSUPORT|Any CPU.ActiveCfg = PRODUCTIONSUPORT|Any CPU
		{83B111BB-15FA-4A7B-8B36-FED3D351315B}.PRODUCTIONSUPORT|Any CPU.Build.0 = PRODUCTIONSUPORT|Any CPU
		{83B111BB-15FA-4A7B-8B36-FED3D351315B}.PRODUCTIONSUPORT|Mixed Platforms.ActiveCfg = PRODUCTIONSUPORT|Any CPU
		{83B111BB-15FA-4A7B-8B36-FED3D351315B}.PRODUCTIONSUPORT|Mixed Platforms.Build.0 = PRODUCTIONSUPORT|Any CPU
		{83B111BB-15FA-4A7B-8B36-FED3D351315B}.PRODUCTIONSUPORT|x86.ActiveCfg = PRODUCTIONSUPORT|Any CPU
		{83B111BB-15FA-4A7B-8B36-FED3D351315B}.QA|Any CPU.ActiveCfg = QA|Any CPU
		{83B111BB-15FA-4A7B-8B36-FED3D351315B}.QA|Any CPU.Build.0 = QA|Any CPU
		{83B111BB-15FA-4A7B-8B36-FED3D351315B}.QA|Mixed Platforms.ActiveCfg = QA|Any CPU
		{83B111BB-15FA-4A7B-8B36-FED3D351315B}.QA|Mixed Platforms.Build.0 = QA|Any CPU
		{83B111BB-15FA-4A7B-8B36-FED3D351315B}.QA|x86.ActiveCfg = QA|Any CPU
		{83B111BB-15FA-4A7B-8B36-FED3D351315B}.QAStage|Any CPU.ActiveCfg = QAStage|Any CPU
		{83B111BB-15FA-4A7B-8B36-FED3D351315B}.QAStage|Any CPU.Build.0 = QAStage|Any CPU
		{83B111BB-15FA-4A7B-8B36-FED3D351315B}.QAStage|Mixed Platforms.ActiveCfg = QAStage|Any CPU
		{83B111BB-15FA-4A7B-8B36-FED3D351315B}.QAStage|Mixed Platforms.Build.0 = QAStage|Any CPU
		{83B111BB-15FA-4A7B-8B36-FED3D351315B}.QAStage|x86.ActiveCfg = QAStage|Any CPU
		{83B111BB-15FA-4A7B-8B36-FED3D351315B}.QASTAGE02|Any CPU.ActiveCfg = QASTAGE02|Any CPU
		{83B111BB-15FA-4A7B-8B36-FED3D351315B}.QASTAGE02|Any CPU.Build.0 = QASTAGE02|Any CPU
		{83B111BB-15FA-4A7B-8B36-FED3D351315B}.QASTAGE02|Mixed Platforms.ActiveCfg = QASTAGE02|Any CPU
		{83B111BB-15FA-4A7B-8B36-FED3D351315B}.QASTAGE02|Mixed Platforms.Build.0 = QASTAGE02|Any CPU
		{83B111BB-15FA-4A7B-8B36-FED3D351315B}.QASTAGE02|x86.ActiveCfg = QASTAGE02|Any CPU
		{83B111BB-15FA-4A7B-8B36-FED3D351315B}.Release|Any CPU.ActiveCfg = Release|Any CPU
		{83B111BB-15FA-4A7B-8B36-FED3D351315B}.Release|Any CPU.Build.0 = Release|Any CPU
		{83B111BB-15FA-4A7B-8B36-FED3D351315B}.Release|Mixed Platforms.ActiveCfg = Release|Any CPU
		{83B111BB-15FA-4A7B-8B36-FED3D351315B}.Release|Mixed Platforms.Build.0 = Release|Any CPU
		{83B111BB-15FA-4A7B-8B36-FED3D351315B}.Release|x86.ActiveCfg = Release|Any CPU
		{83B111BB-15FA-4A7B-8B36-FED3D351315B}.UAT|Any CPU.ActiveCfg = UAT|Any CPU
		{83B111BB-15FA-4A7B-8B36-FED3D351315B}.UAT|Any CPU.Build.0 = UAT|Any CPU
		{83B111BB-15FA-4A7B-8B36-FED3D351315B}.UAT|Mixed Platforms.ActiveCfg = UAT|Any CPU
		{83B111BB-15FA-4A7B-8B36-FED3D351315B}.UAT|Mixed Platforms.Build.0 = UAT|Any CPU
		{83B111BB-15FA-4A7B-8B36-FED3D351315B}.UAT|x86.ActiveCfg = UAT|Any CPU
		{0C7C072C-BF35-4D58-9A01-8FC06AE1CB5F}.Debug|Any CPU.ActiveCfg = Debug|Any CPU
		{0C7C072C-BF35-4D58-9A01-8FC06AE1CB5F}.Debug|Any CPU.Build.0 = Debug|Any CPU
		{0C7C072C-BF35-4D58-9A01-8FC06AE1CB5F}.Debug|Mixed Platforms.ActiveCfg = Debug|Any CPU
		{0C7C072C-BF35-4D58-9A01-8FC06AE1CB5F}.Debug|Mixed Platforms.Build.0 = Debug|Any CPU
		{0C7C072C-BF35-4D58-9A01-8FC06AE1CB5F}.Debug|x86.ActiveCfg = Debug|Any CPU
		{0C7C072C-BF35-4D58-9A01-8FC06AE1CB5F}.Debug|x86.Build.0 = Debug|Any CPU
		{0C7C072C-BF35-4D58-9A01-8FC06AE1CB5F}.Demo|Any CPU.ActiveCfg = Demo|Any CPU
		{0C7C072C-BF35-4D58-9A01-8FC06AE1CB5F}.Demo|Any CPU.Build.0 = Demo|Any CPU
		{0C7C072C-BF35-4D58-9A01-8FC06AE1CB5F}.Demo|Mixed Platforms.ActiveCfg = Demo|Any CPU
		{0C7C072C-BF35-4D58-9A01-8FC06AE1CB5F}.Demo|Mixed Platforms.Build.0 = Demo|Any CPU
		{0C7C072C-BF35-4D58-9A01-8FC06AE1CB5F}.Demo|x86.ActiveCfg = Demo|Any CPU
		{0C7C072C-BF35-4D58-9A01-8FC06AE1CB5F}.Demo|x86.Build.0 = Demo|Any CPU
		{0C7C072C-BF35-4D58-9A01-8FC06AE1CB5F}.DEV01|Any CPU.ActiveCfg = DEVSTAGE02|Any CPU
		{0C7C072C-BF35-4D58-9A01-8FC06AE1CB5F}.DEV01|Any CPU.Build.0 = DEVSTAGE02|Any CPU
		{0C7C072C-BF35-4D58-9A01-8FC06AE1CB5F}.DEV01|Mixed Platforms.ActiveCfg = DEVSTAGE02|Any CPU
		{0C7C072C-BF35-4D58-9A01-8FC06AE1CB5F}.DEV01|Mixed Platforms.Build.0 = DEVSTAGE02|Any CPU
		{0C7C072C-BF35-4D58-9A01-8FC06AE1CB5F}.DEV01|x86.ActiveCfg = DEVSTAGE02|Any CPU
		{0C7C072C-BF35-4D58-9A01-8FC06AE1CB5F}.DEV01|x86.Build.0 = DEVSTAGE02|Any CPU
		{0C7C072C-BF35-4D58-9A01-8FC06AE1CB5F}.DevStage|Any CPU.ActiveCfg = DevStage|Any CPU
		{0C7C072C-BF35-4D58-9A01-8FC06AE1CB5F}.DevStage|Any CPU.Build.0 = DevStage|Any CPU
		{0C7C072C-BF35-4D58-9A01-8FC06AE1CB5F}.DevStage|Mixed Platforms.ActiveCfg = DevStage|Any CPU
		{0C7C072C-BF35-4D58-9A01-8FC06AE1CB5F}.DevStage|Mixed Platforms.Build.0 = DevStage|Any CPU
		{0C7C072C-BF35-4D58-9A01-8FC06AE1CB5F}.DevStage|x86.ActiveCfg = DevStage|Any CPU
		{0C7C072C-BF35-4D58-9A01-8FC06AE1CB5F}.DevStage|x86.Build.0 = DevStage|Any CPU
		{0C7C072C-BF35-4D58-9A01-8FC06AE1CB5F}.DEVSTAGE02|Any CPU.ActiveCfg = DEVSTAGE02|Any CPU
		{0C7C072C-BF35-4D58-9A01-8FC06AE1CB5F}.DEVSTAGE02|Any CPU.Build.0 = DEVSTAGE02|Any CPU
		{0C7C072C-BF35-4D58-9A01-8FC06AE1CB5F}.DEVSTAGE02|Mixed Platforms.ActiveCfg = DEVSTAGE02|Any CPU
		{0C7C072C-BF35-4D58-9A01-8FC06AE1CB5F}.DEVSTAGE02|Mixed Platforms.Build.0 = DEVSTAGE02|Any CPU
		{0C7C072C-BF35-4D58-9A01-8FC06AE1CB5F}.DEVSTAGE02|x86.ActiveCfg = DEVSTAGE02|Any CPU
		{0C7C072C-BF35-4D58-9A01-8FC06AE1CB5F}.DEVSTAGE02|x86.Build.0 = DEVSTAGE02|Any CPU
		{0C7C072C-BF35-4D58-9A01-8FC06AE1CB5F}.MikeTestEnv|Any CPU.ActiveCfg = MikeTestEnv|Any CPU
		{0C7C072C-BF35-4D58-9A01-8FC06AE1CB5F}.MikeTestEnv|Any CPU.Build.0 = MikeTestEnv|Any CPU
		{0C7C072C-BF35-4D58-9A01-8FC06AE1CB5F}.MikeTestEnv|Mixed Platforms.ActiveCfg = MikeTestEnv|Any CPU
		{0C7C072C-BF35-4D58-9A01-8FC06AE1CB5F}.MikeTestEnv|Mixed Platforms.Build.0 = MikeTestEnv|Any CPU
		{0C7C072C-BF35-4D58-9A01-8FC06AE1CB5F}.MikeTestEnv|x86.ActiveCfg = MikeTestEnv|Any CPU
		{0C7C072C-BF35-4D58-9A01-8FC06AE1CB5F}.MikeTestEnv|x86.Build.0 = MikeTestEnv|Any CPU
		{0C7C072C-BF35-4D58-9A01-8FC06AE1CB5F}.PRODUCTIONSUPORT|Any CPU.ActiveCfg = DEVSTAGE02|Any CPU
		{0C7C072C-BF35-4D58-9A01-8FC06AE1CB5F}.PRODUCTIONSUPORT|Any CPU.Build.0 = DEVSTAGE02|Any CPU
		{0C7C072C-BF35-4D58-9A01-8FC06AE1CB5F}.PRODUCTIONSUPORT|Mixed Platforms.ActiveCfg = DEVSTAGE02|Any CPU
		{0C7C072C-BF35-4D58-9A01-8FC06AE1CB5F}.PRODUCTIONSUPORT|Mixed Platforms.Build.0 = DEVSTAGE02|Any CPU
		{0C7C072C-BF35-4D58-9A01-8FC06AE1CB5F}.PRODUCTIONSUPORT|x86.ActiveCfg = DEVSTAGE02|Any CPU
		{0C7C072C-BF35-4D58-9A01-8FC06AE1CB5F}.PRODUCTIONSUPORT|x86.Build.0 = DEVSTAGE02|Any CPU
		{0C7C072C-BF35-4D58-9A01-8FC06AE1CB5F}.QA|Any CPU.ActiveCfg = QA|Any CPU
		{0C7C072C-BF35-4D58-9A01-8FC06AE1CB5F}.QA|Any CPU.Build.0 = QA|Any CPU
		{0C7C072C-BF35-4D58-9A01-8FC06AE1CB5F}.QA|Mixed Platforms.ActiveCfg = QA|Any CPU
		{0C7C072C-BF35-4D58-9A01-8FC06AE1CB5F}.QA|Mixed Platforms.Build.0 = QA|Any CPU
		{0C7C072C-BF35-4D58-9A01-8FC06AE1CB5F}.QA|x86.ActiveCfg = QA|Any CPU
		{0C7C072C-BF35-4D58-9A01-8FC06AE1CB5F}.QA|x86.Build.0 = QA|Any CPU
		{0C7C072C-BF35-4D58-9A01-8FC06AE1CB5F}.QAStage|Any CPU.ActiveCfg = QAStage|Any CPU
		{0C7C072C-BF35-4D58-9A01-8FC06AE1CB5F}.QAStage|Any CPU.Build.0 = QAStage|Any CPU
		{0C7C072C-BF35-4D58-9A01-8FC06AE1CB5F}.QAStage|Mixed Platforms.ActiveCfg = QAStage|Any CPU
		{0C7C072C-BF35-4D58-9A01-8FC06AE1CB5F}.QAStage|Mixed Platforms.Build.0 = QAStage|Any CPU
		{0C7C072C-BF35-4D58-9A01-8FC06AE1CB5F}.QAStage|x86.ActiveCfg = QAStage|Any CPU
		{0C7C072C-BF35-4D58-9A01-8FC06AE1CB5F}.QAStage|x86.Build.0 = QAStage|Any CPU
		{0C7C072C-BF35-4D58-9A01-8FC06AE1CB5F}.QASTAGE02|Any CPU.ActiveCfg = QASTAGE02|Any CPU
		{0C7C072C-BF35-4D58-9A01-8FC06AE1CB5F}.QASTAGE02|Any CPU.Build.0 = QASTAGE02|Any CPU
		{0C7C072C-BF35-4D58-9A01-8FC06AE1CB5F}.QASTAGE02|Mixed Platforms.ActiveCfg = QASTAGE02|Any CPU
		{0C7C072C-BF35-4D58-9A01-8FC06AE1CB5F}.QASTAGE02|Mixed Platforms.Build.0 = QASTAGE02|Any CPU
		{0C7C072C-BF35-4D58-9A01-8FC06AE1CB5F}.QASTAGE02|x86.ActiveCfg = QASTAGE02|Any CPU
		{0C7C072C-BF35-4D58-9A01-8FC06AE1CB5F}.QASTAGE02|x86.Build.0 = QASTAGE02|Any CPU
		{0C7C072C-BF35-4D58-9A01-8FC06AE1CB5F}.Release|Any CPU.ActiveCfg = Release|Any CPU
		{0C7C072C-BF35-4D58-9A01-8FC06AE1CB5F}.Release|Any CPU.Build.0 = Release|Any CPU
		{0C7C072C-BF35-4D58-9A01-8FC06AE1CB5F}.Release|Mixed Platforms.ActiveCfg = Release|Any CPU
		{0C7C072C-BF35-4D58-9A01-8FC06AE1CB5F}.Release|Mixed Platforms.Build.0 = Release|Any CPU
		{0C7C072C-BF35-4D58-9A01-8FC06AE1CB5F}.Release|x86.ActiveCfg = Release|Any CPU
		{0C7C072C-BF35-4D58-9A01-8FC06AE1CB5F}.Release|x86.Build.0 = Release|Any CPU
		{0C7C072C-BF35-4D58-9A01-8FC06AE1CB5F}.UAT|Any CPU.ActiveCfg = UAT|Any CPU
		{0C7C072C-BF35-4D58-9A01-8FC06AE1CB5F}.UAT|Any CPU.Build.0 = UAT|Any CPU
		{0C7C072C-BF35-4D58-9A01-8FC06AE1CB5F}.UAT|Mixed Platforms.ActiveCfg = UAT|Any CPU
		{0C7C072C-BF35-4D58-9A01-8FC06AE1CB5F}.UAT|Mixed Platforms.Build.0 = UAT|Any CPU
		{0C7C072C-BF35-4D58-9A01-8FC06AE1CB5F}.UAT|x86.ActiveCfg = UAT|Any CPU
		{0C7C072C-BF35-4D58-9A01-8FC06AE1CB5F}.UAT|x86.Build.0 = UAT|Any CPU
		{2930661E-1A2D-4182-B038-CBD5DF428F1E}.Debug|Any CPU.ActiveCfg = Debug|Any CPU
		{2930661E-1A2D-4182-B038-CBD5DF428F1E}.Debug|Any CPU.Build.0 = Debug|Any CPU
		{2930661E-1A2D-4182-B038-CBD5DF428F1E}.Debug|Mixed Platforms.ActiveCfg = Debug|Any CPU
		{2930661E-1A2D-4182-B038-CBD5DF428F1E}.Debug|Mixed Platforms.Build.0 = Debug|Any CPU
		{2930661E-1A2D-4182-B038-CBD5DF428F1E}.Debug|x86.ActiveCfg = Debug|Any CPU
		{2930661E-1A2D-4182-B038-CBD5DF428F1E}.Debug|x86.Build.0 = Debug|Any CPU
		{2930661E-1A2D-4182-B038-CBD5DF428F1E}.Demo|Any CPU.ActiveCfg = Demo|Any CPU
		{2930661E-1A2D-4182-B038-CBD5DF428F1E}.Demo|Any CPU.Build.0 = Demo|Any CPU
		{2930661E-1A2D-4182-B038-CBD5DF428F1E}.Demo|Mixed Platforms.ActiveCfg = Demo|Any CPU
		{2930661E-1A2D-4182-B038-CBD5DF428F1E}.Demo|Mixed Platforms.Build.0 = Demo|Any CPU
		{2930661E-1A2D-4182-B038-CBD5DF428F1E}.Demo|x86.ActiveCfg = Demo|Any CPU
		{2930661E-1A2D-4182-B038-CBD5DF428F1E}.Demo|x86.Build.0 = Demo|Any CPU
		{2930661E-1A2D-4182-B038-CBD5DF428F1E}.DEV01|Any CPU.ActiveCfg = DEVSTAGE02|Any CPU
		{2930661E-1A2D-4182-B038-CBD5DF428F1E}.DEV01|Any CPU.Build.0 = DEVSTAGE02|Any CPU
		{2930661E-1A2D-4182-B038-CBD5DF428F1E}.DEV01|Mixed Platforms.ActiveCfg = DEVSTAGE02|Any CPU
		{2930661E-1A2D-4182-B038-CBD5DF428F1E}.DEV01|Mixed Platforms.Build.0 = DEVSTAGE02|Any CPU
		{2930661E-1A2D-4182-B038-CBD5DF428F1E}.DEV01|x86.ActiveCfg = DEVSTAGE02|Any CPU
		{2930661E-1A2D-4182-B038-CBD5DF428F1E}.DEV01|x86.Build.0 = DEVSTAGE02|Any CPU
		{2930661E-1A2D-4182-B038-CBD5DF428F1E}.DevStage|Any CPU.ActiveCfg = DEVSTAGE|Any CPU
		{2930661E-1A2D-4182-B038-CBD5DF428F1E}.DevStage|Any CPU.Build.0 = DEVSTAGE|Any CPU
		{2930661E-1A2D-4182-B038-CBD5DF428F1E}.DevStage|Mixed Platforms.ActiveCfg = DEVSTAGE|Any CPU
		{2930661E-1A2D-4182-B038-CBD5DF428F1E}.DevStage|Mixed Platforms.Build.0 = DEVSTAGE|Any CPU
		{2930661E-1A2D-4182-B038-CBD5DF428F1E}.DevStage|x86.ActiveCfg = DEVSTAGE|Any CPU
		{2930661E-1A2D-4182-B038-CBD5DF428F1E}.DevStage|x86.Build.0 = DEVSTAGE|Any CPU
		{2930661E-1A2D-4182-B038-CBD5DF428F1E}.DEVSTAGE02|Any CPU.ActiveCfg = DEVSTAGE02|Any CPU
		{2930661E-1A2D-4182-B038-CBD5DF428F1E}.DEVSTAGE02|Any CPU.Build.0 = DEVSTAGE02|Any CPU
		{2930661E-1A2D-4182-B038-CBD5DF428F1E}.DEVSTAGE02|Mixed Platforms.ActiveCfg = DEVSTAGE02|Any CPU
		{2930661E-1A2D-4182-B038-CBD5DF428F1E}.DEVSTAGE02|Mixed Platforms.Build.0 = DEVSTAGE02|Any CPU
		{2930661E-1A2D-4182-B038-CBD5DF428F1E}.DEVSTAGE02|x86.ActiveCfg = DEVSTAGE02|Any CPU
		{2930661E-1A2D-4182-B038-CBD5DF428F1E}.DEVSTAGE02|x86.Build.0 = DEVSTAGE02|Any CPU
		{2930661E-1A2D-4182-B038-CBD5DF428F1E}.MikeTestEnv|Any CPU.ActiveCfg = MIKETESTENV|Any CPU
		{2930661E-1A2D-4182-B038-CBD5DF428F1E}.MikeTestEnv|Any CPU.Build.0 = MIKETESTENV|Any CPU
		{2930661E-1A2D-4182-B038-CBD5DF428F1E}.MikeTestEnv|Mixed Platforms.ActiveCfg = MIKETESTENV|Any CPU
		{2930661E-1A2D-4182-B038-CBD5DF428F1E}.MikeTestEnv|Mixed Platforms.Build.0 = MIKETESTENV|Any CPU
		{2930661E-1A2D-4182-B038-CBD5DF428F1E}.MikeTestEnv|x86.ActiveCfg = MIKETESTENV|Any CPU
		{2930661E-1A2D-4182-B038-CBD5DF428F1E}.MikeTestEnv|x86.Build.0 = MIKETESTENV|Any CPU
		{2930661E-1A2D-4182-B038-CBD5DF428F1E}.PRODUCTIONSUPORT|Any CPU.ActiveCfg = DEVSTAGE02|Any CPU
		{2930661E-1A2D-4182-B038-CBD5DF428F1E}.PRODUCTIONSUPORT|Any CPU.Build.0 = DEVSTAGE02|Any CPU
		{2930661E-1A2D-4182-B038-CBD5DF428F1E}.PRODUCTIONSUPORT|Mixed Platforms.ActiveCfg = DEVSTAGE02|Any CPU
		{2930661E-1A2D-4182-B038-CBD5DF428F1E}.PRODUCTIONSUPORT|Mixed Platforms.Build.0 = DEVSTAGE02|Any CPU
		{2930661E-1A2D-4182-B038-CBD5DF428F1E}.PRODUCTIONSUPORT|x86.ActiveCfg = DEVSTAGE02|Any CPU
		{2930661E-1A2D-4182-B038-CBD5DF428F1E}.PRODUCTIONSUPORT|x86.Build.0 = DEVSTAGE02|Any CPU
		{2930661E-1A2D-4182-B038-CBD5DF428F1E}.QA|Any CPU.ActiveCfg = QA|Any CPU
		{2930661E-1A2D-4182-B038-CBD5DF428F1E}.QA|Any CPU.Build.0 = QA|Any CPU
		{2930661E-1A2D-4182-B038-CBD5DF428F1E}.QA|Mixed Platforms.ActiveCfg = QA|Any CPU
		{2930661E-1A2D-4182-B038-CBD5DF428F1E}.QA|Mixed Platforms.Build.0 = QA|Any CPU
		{2930661E-1A2D-4182-B038-CBD5DF428F1E}.QA|x86.ActiveCfg = QA|Any CPU
		{2930661E-1A2D-4182-B038-CBD5DF428F1E}.QA|x86.Build.0 = QA|Any CPU
		{2930661E-1A2D-4182-B038-CBD5DF428F1E}.QAStage|Any CPU.ActiveCfg = QASTAGE|Any CPU
		{2930661E-1A2D-4182-B038-CBD5DF428F1E}.QAStage|Any CPU.Build.0 = QASTAGE|Any CPU
		{2930661E-1A2D-4182-B038-CBD5DF428F1E}.QAStage|Mixed Platforms.ActiveCfg = QASTAGE|Any CPU
		{2930661E-1A2D-4182-B038-CBD5DF428F1E}.QAStage|Mixed Platforms.Build.0 = QASTAGE|Any CPU
		{2930661E-1A2D-4182-B038-CBD5DF428F1E}.QAStage|x86.ActiveCfg = QASTAGE|Any CPU
		{2930661E-1A2D-4182-B038-CBD5DF428F1E}.QAStage|x86.Build.0 = QASTAGE|Any CPU
		{2930661E-1A2D-4182-B038-CBD5DF428F1E}.QASTAGE02|Any CPU.ActiveCfg = QASTAGE02|Any CPU
		{2930661E-1A2D-4182-B038-CBD5DF428F1E}.QASTAGE02|Any CPU.Build.0 = QASTAGE02|Any CPU
		{2930661E-1A2D-4182-B038-CBD5DF428F1E}.QASTAGE02|Mixed Platforms.ActiveCfg = QASTAGE02|Any CPU
		{2930661E-1A2D-4182-B038-CBD5DF428F1E}.QASTAGE02|Mixed Platforms.Build.0 = QASTAGE02|Any CPU
		{2930661E-1A2D-4182-B038-CBD5DF428F1E}.QASTAGE02|x86.ActiveCfg = QASTAGE02|Any CPU
		{2930661E-1A2D-4182-B038-CBD5DF428F1E}.QASTAGE02|x86.Build.0 = QASTAGE02|Any CPU
		{2930661E-1A2D-4182-B038-CBD5DF428F1E}.Release|Any CPU.ActiveCfg = Release|Any CPU
		{2930661E-1A2D-4182-B038-CBD5DF428F1E}.Release|Any CPU.Build.0 = Release|Any CPU
		{2930661E-1A2D-4182-B038-CBD5DF428F1E}.Release|Mixed Platforms.ActiveCfg = Release|Any CPU
		{2930661E-1A2D-4182-B038-CBD5DF428F1E}.Release|Mixed Platforms.Build.0 = Release|Any CPU
		{2930661E-1A2D-4182-B038-CBD5DF428F1E}.Release|x86.ActiveCfg = Release|Any CPU
		{2930661E-1A2D-4182-B038-CBD5DF428F1E}.Release|x86.Build.0 = Release|Any CPU
		{2930661E-1A2D-4182-B038-CBD5DF428F1E}.UAT|Any CPU.ActiveCfg = UAT|Any CPU
		{2930661E-1A2D-4182-B038-CBD5DF428F1E}.UAT|Any CPU.Build.0 = UAT|Any CPU
		{2930661E-1A2D-4182-B038-CBD5DF428F1E}.UAT|Mixed Platforms.ActiveCfg = UAT|Any CPU
		{2930661E-1A2D-4182-B038-CBD5DF428F1E}.UAT|Mixed Platforms.Build.0 = UAT|Any CPU
		{2930661E-1A2D-4182-B038-CBD5DF428F1E}.UAT|x86.ActiveCfg = UAT|Any CPU
		{2930661E-1A2D-4182-B038-CBD5DF428F1E}.UAT|x86.Build.0 = UAT|Any CPU
		{1820E723-E967-4987-83A0-F7A209085E99}.Debug|Any CPU.ActiveCfg = Debug|Any CPU
		{1820E723-E967-4987-83A0-F7A209085E99}.Debug|Any CPU.Build.0 = Debug|Any CPU
		{1820E723-E967-4987-83A0-F7A209085E99}.Debug|Mixed Platforms.ActiveCfg = Debug|Any CPU
		{1820E723-E967-4987-83A0-F7A209085E99}.Debug|Mixed Platforms.Build.0 = Debug|Any CPU
		{1820E723-E967-4987-83A0-F7A209085E99}.Debug|x86.ActiveCfg = Debug|Any CPU
		{1820E723-E967-4987-83A0-F7A209085E99}.Debug|x86.Build.0 = Debug|Any CPU
		{1820E723-E967-4987-83A0-F7A209085E99}.Demo|Any CPU.ActiveCfg = Debug|Any CPU
		{1820E723-E967-4987-83A0-F7A209085E99}.Demo|Any CPU.Build.0 = Debug|Any CPU
		{1820E723-E967-4987-83A0-F7A209085E99}.Demo|Mixed Platforms.ActiveCfg = Debug|Any CPU
		{1820E723-E967-4987-83A0-F7A209085E99}.Demo|Mixed Platforms.Build.0 = Debug|Any CPU
		{1820E723-E967-4987-83A0-F7A209085E99}.Demo|x86.ActiveCfg = Debug|Any CPU
		{1820E723-E967-4987-83A0-F7A209085E99}.Demo|x86.Build.0 = Debug|Any CPU
		{1820E723-E967-4987-83A0-F7A209085E99}.DEV01|Any CPU.ActiveCfg = Debug|Any CPU
		{1820E723-E967-4987-83A0-F7A209085E99}.DEV01|Any CPU.Build.0 = Debug|Any CPU
		{1820E723-E967-4987-83A0-F7A209085E99}.DEV01|Mixed Platforms.ActiveCfg = Debug|Any CPU
		{1820E723-E967-4987-83A0-F7A209085E99}.DEV01|Mixed Platforms.Build.0 = Debug|Any CPU
		{1820E723-E967-4987-83A0-F7A209085E99}.DEV01|x86.ActiveCfg = Debug|Any CPU
		{1820E723-E967-4987-83A0-F7A209085E99}.DEV01|x86.Build.0 = Debug|Any CPU
		{1820E723-E967-4987-83A0-F7A209085E99}.DevStage|Any CPU.ActiveCfg = Debug|Any CPU
		{1820E723-E967-4987-83A0-F7A209085E99}.DevStage|Any CPU.Build.0 = Debug|Any CPU
		{1820E723-E967-4987-83A0-F7A209085E99}.DevStage|Mixed Platforms.ActiveCfg = Debug|Any CPU
		{1820E723-E967-4987-83A0-F7A209085E99}.DevStage|Mixed Platforms.Build.0 = Debug|Any CPU
		{1820E723-E967-4987-83A0-F7A209085E99}.DevStage|x86.ActiveCfg = Debug|Any CPU
		{1820E723-E967-4987-83A0-F7A209085E99}.DevStage|x86.Build.0 = Debug|Any CPU
		{1820E723-E967-4987-83A0-F7A209085E99}.DEVSTAGE02|Any CPU.ActiveCfg = Debug|Any CPU
		{1820E723-E967-4987-83A0-F7A209085E99}.DEVSTAGE02|Any CPU.Build.0 = Debug|Any CPU
		{1820E723-E967-4987-83A0-F7A209085E99}.DEVSTAGE02|Mixed Platforms.ActiveCfg = Debug|Any CPU
		{1820E723-E967-4987-83A0-F7A209085E99}.DEVSTAGE02|Mixed Platforms.Build.0 = Debug|Any CPU
		{1820E723-E967-4987-83A0-F7A209085E99}.DEVSTAGE02|x86.ActiveCfg = Debug|Any CPU
		{1820E723-E967-4987-83A0-F7A209085E99}.DEVSTAGE02|x86.Build.0 = Debug|Any CPU
		{1820E723-E967-4987-83A0-F7A209085E99}.MikeTestEnv|Any CPU.ActiveCfg = Release|Any CPU
		{1820E723-E967-4987-83A0-F7A209085E99}.MikeTestEnv|Any CPU.Build.0 = Release|Any CPU
		{1820E723-E967-4987-83A0-F7A209085E99}.MikeTestEnv|Mixed Platforms.ActiveCfg = Release|Any CPU
		{1820E723-E967-4987-83A0-F7A209085E99}.MikeTestEnv|Mixed Platforms.Build.0 = Release|Any CPU
		{1820E723-E967-4987-83A0-F7A209085E99}.MikeTestEnv|x86.ActiveCfg = Release|Any CPU
		{1820E723-E967-4987-83A0-F7A209085E99}.MikeTestEnv|x86.Build.0 = Release|Any CPU
		{1820E723-E967-4987-83A0-F7A209085E99}.PRODUCTIONSUPORT|Any CPU.ActiveCfg = Release|Any CPU
		{1820E723-E967-4987-83A0-F7A209085E99}.PRODUCTIONSUPORT|Any CPU.Build.0 = Release|Any CPU
		{1820E723-E967-4987-83A0-F7A209085E99}.PRODUCTIONSUPORT|Mixed Platforms.ActiveCfg = Release|Any CPU
		{1820E723-E967-4987-83A0-F7A209085E99}.PRODUCTIONSUPORT|Mixed Platforms.Build.0 = Release|Any CPU
		{1820E723-E967-4987-83A0-F7A209085E99}.PRODUCTIONSUPORT|x86.ActiveCfg = Release|Any CPU
		{1820E723-E967-4987-83A0-F7A209085E99}.PRODUCTIONSUPORT|x86.Build.0 = Release|Any CPU
		{1820E723-E967-4987-83A0-F7A209085E99}.QA|Any CPU.ActiveCfg = Release|Any CPU
		{1820E723-E967-4987-83A0-F7A209085E99}.QA|Any CPU.Build.0 = Release|Any CPU
		{1820E723-E967-4987-83A0-F7A209085E99}.QA|Mixed Platforms.ActiveCfg = Release|Any CPU
		{1820E723-E967-4987-83A0-F7A209085E99}.QA|Mixed Platforms.Build.0 = Release|Any CPU
		{1820E723-E967-4987-83A0-F7A209085E99}.QA|x86.ActiveCfg = Release|Any CPU
		{1820E723-E967-4987-83A0-F7A209085E99}.QA|x86.Build.0 = Release|Any CPU
		{1820E723-E967-4987-83A0-F7A209085E99}.QAStage|Any CPU.ActiveCfg = Release|Any CPU
		{1820E723-E967-4987-83A0-F7A209085E99}.QAStage|Any CPU.Build.0 = Release|Any CPU
		{1820E723-E967-4987-83A0-F7A209085E99}.QAStage|Mixed Platforms.ActiveCfg = Release|Any CPU
		{1820E723-E967-4987-83A0-F7A209085E99}.QAStage|Mixed Platforms.Build.0 = Release|Any CPU
		{1820E723-E967-4987-83A0-F7A209085E99}.QAStage|x86.ActiveCfg = Release|Any CPU
		{1820E723-E967-4987-83A0-F7A209085E99}.QAStage|x86.Build.0 = Release|Any CPU
		{1820E723-E967-4987-83A0-F7A209085E99}.QASTAGE02|Any CPU.ActiveCfg = Release|Any CPU
		{1820E723-E967-4987-83A0-F7A209085E99}.QASTAGE02|Any CPU.Build.0 = Release|Any CPU
		{1820E723-E967-4987-83A0-F7A209085E99}.QASTAGE02|Mixed Platforms.ActiveCfg = Release|Any CPU
		{1820E723-E967-4987-83A0-F7A209085E99}.QASTAGE02|Mixed Platforms.Build.0 = Release|Any CPU
		{1820E723-E967-4987-83A0-F7A209085E99}.QASTAGE02|x86.ActiveCfg = Release|Any CPU
		{1820E723-E967-4987-83A0-F7A209085E99}.QASTAGE02|x86.Build.0 = Release|Any CPU
		{1820E723-E967-4987-83A0-F7A209085E99}.Release|Any CPU.ActiveCfg = Release|Any CPU
		{1820E723-E967-4987-83A0-F7A209085E99}.Release|Any CPU.Build.0 = Release|Any CPU
		{1820E723-E967-4987-83A0-F7A209085E99}.Release|Mixed Platforms.ActiveCfg = Release|Any CPU
		{1820E723-E967-4987-83A0-F7A209085E99}.Release|Mixed Platforms.Build.0 = Release|Any CPU
		{1820E723-E967-4987-83A0-F7A209085E99}.Release|x86.ActiveCfg = Release|Any CPU
		{1820E723-E967-4987-83A0-F7A209085E99}.Release|x86.Build.0 = Release|Any CPU
		{1820E723-E967-4987-83A0-F7A209085E99}.UAT|Any CPU.ActiveCfg = Release|Any CPU
		{1820E723-E967-4987-83A0-F7A209085E99}.UAT|Any CPU.Build.0 = Release|Any CPU
		{1820E723-E967-4987-83A0-F7A209085E99}.UAT|Mixed Platforms.ActiveCfg = Release|Any CPU
		{1820E723-E967-4987-83A0-F7A209085E99}.UAT|Mixed Platforms.Build.0 = Release|Any CPU
		{1820E723-E967-4987-83A0-F7A209085E99}.UAT|x86.ActiveCfg = Release|Any CPU
		{1820E723-E967-4987-83A0-F7A209085E99}.UAT|x86.Build.0 = Release|Any CPU
	EndGlobalSection
	GlobalSection(SolutionProperties) = preSolution
		HideSolutionNode = FALSE
	EndGlobalSection
	GlobalSection(TeamFoundationVersionControl) = preSolution
		SccNumberOfProjects = 8
		SccEnterpriseProvider = {4CA58AB2-18FA-4F8D-95D4-32DDF27D184C}
		SccTeamFoundationServer = http://eddytfs2015:8080/tfs/eddyprojectcollection
		SccLocalPath0 = .
		SccProjectUniqueName1 = EDDY.IS.DeliveryEngine.Workflow\\EDDY.IS.DeliveryEngine.Workflow.csproj
		SccProjectName1 = EDDY.IS.DeliveryEngine.Workflow
		SccLocalPath1 = EDDY.IS.DeliveryEngine.Workflow
		SccProjectUniqueName2 = EDDY.IS.DeliveryEngine.DataAccess\\EDDY.IS.DeliveryEngine.DataAccess.csproj
		SccProjectName2 = EDDY.IS.DeliveryEngine.DataAccess
		SccLocalPath2 = EDDY.IS.DeliveryEngine.DataAccess
		SccProjectUniqueName3 = EDDY.IS.DeliveryEngine.Entity\\EDDY.IS.DeliveryEngine.Entity.csproj
		SccProjectName3 = EDDY.IS.DeliveryEngine.Entity
		SccLocalPath3 = EDDY.IS.DeliveryEngine.Entity
		SccProjectUniqueName4 = EDDY.IS.DeliveryEngine.Workflow.Activities\\EDDY.IS.DeliveryEngine.Workflow.Activities.csproj
		SccProjectName4 = EDDY.IS.DeliveryEngine.Workflow.Activities
		SccLocalPath4 = EDDY.IS.DeliveryEngine.Workflow.Activities
		SccProjectUniqueName5 = EDDY.IS.DeliveryEngine.Workflow.Service\\EDDY.IS.DeliveryEngine.Workflow.Service.csproj
		SccProjectName5 = EDDY.IS.DeliveryEngine.Workflow.Service
		SccLocalPath5 = EDDY.IS.DeliveryEngine.Workflow.Service
		SccProjectUniqueName6 = EDDY.IS.DeliveryEngine.WindowsService\\EDDY.IS.DeliveryEngine.WindowsService.csproj
		SccProjectName6 = EDDY.IS.DeliveryEngine.WindowsService
		SccLocalPath6 = EDDY.IS.DeliveryEngine.WindowsService
		SccProjectUniqueName7 = EDDY.IS.DeliveryEngine.UnitTest\\EDDY.IS.DeliveryEngine.UnitTest.csproj
		SccProjectName7 = EDDY.IS.DeliveryEngine.UnitTest
		SccLocalPath7 = EDDY.IS.DeliveryEngine.UnitTest
	EndGlobalSection
EndGlobal
